
Microsoft Visual Studio Solution File, Format Version 12.00
# Visual Studio Version 17
VisualStudioVersion = 17.3.32825.248
MinimumVisualStudioVersion = 10.0.40219.1
Project("{2150E333-8FDC-42A3-9474-1A3956D46DE8}") = "Services", "Services", "{20BAB32F-D375-4284-B0CA-F84887DD56D9}"
EndProject
Project("{2150E333-8FDC-42A3-9474-1A3956D46DE8}") = "WebApps", "WebApps", "{69B2836C-BB57-4E5E-9DBD-2BD8A121EFC5}"
EndProject
Project("{2150E333-8FDC-42A3-9474-1A3956D46DE8}") = "Cadastros", "Cadastros", "{087DB10B-9278-4014-B1A7-DEBC1C39AC3A}"
EndProject
Project("{2150E333-8FDC-42A3-9474-1A3956D46DE8}") = "Catalogo", "Catalogo", "{12AABB77-530A-46DA-A6C5-A19CE390B3C3}"
EndProject
Project("{2150E333-8FDC-42A3-9474-1A3956D46DE8}") = "Core", "Core", "{CE7F18A6-F3F2-4A78-B431-227134082A20}"
EndProject
Project("{2150E333-8FDC-42A3-9474-1A3956D46DE8}") = "Auxiliar", "Auxiliar", "{EA3BEF38-4E6D-4AB8-B165-4CE19F04D514}"
EndProject
Project("{2150E333-8FDC-42A3-9474-1A3956D46DE8}") = "Pagamentos", "Pagamentos", "{707AEF4C-1042-4C4C-8650-C490EAE6C8C9}"
EndProject
Project("{2150E333-8FDC-42A3-9474-1A3956D46DE8}") = "Vendas", "Vendas", "{8BD804A9-F933-453C-8B8F-763BCF47A4E2}"
EndProject
Project("{9A19103F-16F7-4668-BE54-9A1E7A4F7556}") = "NerdStore.Catalogo.Domain", "src\NerdStore.Catalogo.Domain\NerdStore.Catalogo.Domain.csproj", "{A76BD320-84E7-414A-9FB0-8EB3A25629AF}"
EndProject
Project("{9A19103F-16F7-4668-BE54-9A1E7A4F7556}") = "NerdStore.Core", "src\NerdStore.Core\NerdStore.Core.csproj", "{1E75FA6F-B04D-4BFD-AA19-0F8D1377F8AB}"
EndProject
Project("{2150E333-8FDC-42A3-9474-1A3956D46DE8}") = "Tests", "Tests", "{6C369A06-40BE-4A39-A782-16D18354893C}"
EndProject
Project("{9A19103F-16F7-4668-BE54-9A1E7A4F7556}") = "NerdStore.Catalogo.Domain.Tests", "tests\NerdStore.Catalogo.Domain.Tests\NerdStore.Catalogo.Domain.Tests.csproj", "{62CA552F-1C38-483D-9822-1E47B7A74BA2}"
EndProject
Project("{9A19103F-16F7-4668-BE54-9A1E7A4F7556}") = "NerdStore.Catalogo.Data", "src\NerdStore.Catalogo.Data\NerdStore.Catalogo.Data.csproj", "{B8006501-6A11-43D8-B9C9-496C0A3A1ACA}"
EndProject
Project("{FAE04EC0-301F-11D3-BF4B-00C04F79EFBC}") = "NerdStore.Catalogo.Application", "src\NerdStore.Catalogo.Application\NerdStore.Catalogo.Application.csproj", "{566A8CF2-289E-41E2-96B4-0BA9BC26E264}"
EndProject
Project("{FAE04EC0-301F-11D3-BF4B-00C04F79EFBC}") = "NerdStore.WebApp.MVC", "src\NerdStore.WebApp.MVC\NerdStore.WebApp.MVC.csproj", "{500D8DEA-34F4-4B93-8FBE-68CB1735DE0A}"
EndProject
Global
	GlobalSection(SolutionConfigurationPlatforms) = preSolution
		Debug|Any CPU = Debug|Any CPU
		Release|Any CPU = Release|Any CPU
	EndGlobalSection
	GlobalSection(ProjectConfigurationPlatforms) = postSolution
		{A76BD320-84E7-414A-9FB0-8EB3A25629AF}.Debug|Any CPU.ActiveCfg = Debug|Any CPU
		{A76BD320-84E7-414A-9FB0-8EB3A25629AF}.Debug|Any CPU.Build.0 = Debug|Any CPU
		{A76BD320-84E7-414A-9FB0-8EB3A25629AF}.Release|Any CPU.ActiveCfg = Release|Any CPU
		{A76BD320-84E7-414A-9FB0-8EB3A25629AF}.Release|Any CPU.Build.0 = Release|Any CPU
		{1E75FA6F-B04D-4BFD-AA19-0F8D1377F8AB}.Debug|Any CPU.ActiveCfg = Debug|Any CPU
		{1E75FA6F-B04D-4BFD-AA19-0F8D1377F8AB}.Debug|Any CPU.Build.0 = Debug|Any CPU
		{1E75FA6F-B04D-4BFD-AA19-0F8D1377F8AB}.Release|Any CPU.ActiveCfg = Release|Any CPU
		{1E75FA6F-B04D-4BFD-AA19-0F8D1377F8AB}.Release|Any CPU.Build.0 = Release|Any CPU
		{62CA552F-1C38-483D-9822-1E47B7A74BA2}.Debug|Any CPU.ActiveCfg = Debug|Any CPU
		{62CA552F-1C38-483D-9822-1E47B7A74BA2}.Debug|Any CPU.Build.0 = Debug|Any CPU
		{62CA552F-1C38-483D-9822-1E47B7A74BA2}.Release|Any CPU.ActiveCfg = Release|Any CPU
		{62CA552F-1C38-483D-9822-1E47B7A74BA2}.Release|Any CPU.Build.0 = Release|Any CPU
		{B8006501-6A11-43D8-B9C9-496C0A3A1ACA}.Debug|Any CPU.ActiveCfg = Debug|Any CPU
		{B8006501-6A11-43D8-B9C9-496C0A3A1ACA}.Debug|Any CPU.Build.0 = Debug|Any CPU
		{B8006501-6A11-43D8-B9C9-496C0A3A1ACA}.Release|Any CPU.ActiveCfg = Release|Any CPU
		{B8006501-6A11-43D8-B9C9-496C0A3A1ACA}.Release|Any CPU.Build.0 = Release|Any CPU
		{566A8CF2-289E-41E2-96B4-0BA9BC26E264}.Debug|Any CPU.ActiveCfg = Debug|Any CPU
		{566A8CF2-289E-41E2-96B4-0BA9BC26E264}.Debug|Any CPU.Build.0 = Debug|Any CPU
		{566A8CF2-289E-41E2-96B4-0BA9BC26E264}.Release|Any CPU.ActiveCfg = Release|Any CPU
		{566A8CF2-289E-41E2-96B4-0BA9BC26E264}.Release|Any CPU.Build.0 = Release|Any CPU
		{500D8DEA-34F4-4B93-8FBE-68CB1735DE0A}.Debug|Any CPU.ActiveCfg = Debug|Any CPU
		{500D8DEA-34F4-4B93-8FBE-68CB1735DE0A}.Debug|Any CPU.Build.0 = Debug|Any CPU
		{500D8DEA-34F4-4B93-8FBE-68CB1735DE0A}.Release|Any CPU.ActiveCfg = Release|Any CPU
		{500D8DEA-34F4-4B93-8FBE-68CB1735DE0A}.Release|Any CPU.Build.0 = Release|Any CPU
	EndGlobalSection
	GlobalSection(SolutionProperties) = preSolution
		HideSolutionNode = FALSE
	EndGlobalSection
	GlobalSection(NestedProjects) = preSolution
		{087DB10B-9278-4014-B1A7-DEBC1C39AC3A} = {20BAB32F-D375-4284-B0CA-F84887DD56D9}
		{12AABB77-530A-46DA-A6C5-A19CE390B3C3} = {20BAB32F-D375-4284-B0CA-F84887DD56D9}
		{CE7F18A6-F3F2-4A78-B431-227134082A20} = {20BAB32F-D375-4284-B0CA-F84887DD56D9}
		{EA3BEF38-4E6D-4AB8-B165-4CE19F04D514} = {20BAB32F-D375-4284-B0CA-F84887DD56D9}
		{707AEF4C-1042-4C4C-8650-C490EAE6C8C9} = {20BAB32F-D375-4284-B0CA-F84887DD56D9}
		{8BD804A9-F933-453C-8B8F-763BCF47A4E2} = {20BAB32F-D375-4284-B0CA-F84887DD56D9}
		{A76BD320-84E7-414A-9FB0-8EB3A25629AF} = {12AABB77-530A-46DA-A6C5-A19CE390B3C3}
		{1E75FA6F-B04D-4BFD-AA19-0F8D1377F8AB} = {CE7F18A6-F3F2-4A78-B431-227134082A20}
		{6C369A06-40BE-4A39-A782-16D18354893C} = {12AABB77-530A-46DA-A6C5-A19CE390B3C3}
		{62CA552F-1C38-483D-9822-1E47B7A74BA2} = {6C369A06-40BE-4A39-A782-16D18354893C}
		{B8006501-6A11-43D8-B9C9-496C0A3A1ACA} = {12AABB77-530A-46DA-A6C5-A19CE390B3C3}
		{566A8CF2-289E-41E2-96B4-0BA9BC26E264} = {12AABB77-530A-46DA-A6C5-A19CE390B3C3}
		{500D8DEA-34F4-4B93-8FBE-68CB1735DE0A} = {69B2836C-BB57-4E5E-9DBD-2BD8A121EFC5}
	EndGlobalSection
	GlobalSection(ExtensibilityGlobals) = postSolution
		SolutionGuid = {D708C9DA-79DE-4414-BC81-689399206CDE}
	EndGlobalSection
EndGlobal
